PODS:
  - RxCocoa (4.5.0):
    - RxSwift (>= 4.4.2, ~> 4.4)
  - RxScenery (1.0.5):
    - RxCocoa (~> 4.0)
  - RxSwift (4.5.0)

DEPENDENCIES:
  - RxScenery (from `../`)

SPEC REPOS:
  https://github.com/cocoapods/specs.git:
    - RxCocoa
    - RxSwift

EXTERNAL SOURCES:
  RxScenery:
    :path: "../"

SPEC CHECKSUMS:
  RxCocoa: cbf70265dc65a981d4ac982e513c10cf23df24a0
  RxScenery: 65bf24f927ff99e413dde0efade8dd0793d07633
  RxSwift: f172070dfd1a93d70a9ab97a5a01166206e1c575

PODFILE CHECKSUM: 803738a8069df26c8ea1e268ea366adbdc1690bb

COCOAPODS: 1.6.1
