PODS:
  - RxCocoa (4.3.1):
    - RxSwift (~> 4.0)
  - RxScenery (1.0.1):
    - RxCocoa (~> 4.0)
  - RxSwift (4.3.1)

DEPENDENCIES:
  - RxScenery (from `../`)

SPEC REPOS:
  https://github.com/cocoapods/specs.git:
    - RxCocoa
    - RxSwift

EXTERNAL SOURCES:
  RxScenery:
    :path: "../"

SPEC CHECKSUMS:
  RxCocoa: 78763c7b07d02455598d9fc3c1ad091a28b73635
  RxScenery: 4f79f26a95e13e874558649f0628169986ac75fb
  RxSwift: fe0fd770a43acdb7d0a53da411c9b892e69bb6e4

PODFILE CHECKSUM: 803738a8069df26c8ea1e268ea366adbdc1690bb

COCOAPODS: 1.5.3
