PODS:
  - RxCocoa (6.0.0):
    - RxRelay (= 6.0.0)
    - RxSwift (= 6.0.0)
  - RxRelay (6.0.0):
    - RxSwift (= 6.0.0)
  - RxScenery (1.0.8):
    - RxCocoa (~> 6.0)
  - RxSwift (6.0.0)

DEPENDENCIES:
  - RxScenery (from `../`)

SPEC REPOS:
  trunk:
    - RxCocoa
    - RxRelay
    - RxSwift

EXTERNAL SOURCES:
  RxScenery:
    :path: "../"

SPEC CHECKSUMS:
  RxCocoa: 3f79328fafa3645b34600f37c31e64c73ae3a80e
  RxRelay: 8d593be109c06ea850df027351beba614b012ffb
  RxScenery: 544a60c751b4fcc3eb334337b8b7eac90aa21835
  RxSwift: c14e798c59b9f6e9a2df8fd235602e85cc044295

PODFILE CHECKSUM: b40cd1f469176a84845c2f54e82dc515bc3bd846

COCOAPODS: 1.10.1
